{
  "name": "cloud-functions-monorepo-template",
  "version": "1.0.0",
  "lockfileVersion": 3,
  "requires": true,
  "packages": {
    "": {
      "name": "cloud-functions-monorepo-template",
      "version": "1.0.0",
      "license": "UNLICENSED",
      "workspaces": [
        "functions/function-a",
        "packages/common"
      ]
    },
    "functions/function-a": {
      "name": "@functions/function-a",
      "version": "1.0.0",
      "license": "ISC",
      "devDependencies": {}
    },
    "node_modules/@functions/function-a": {
      "resolved": "functions/function-a",
      "link": true
    },
    "node_modules/@packages/common": {
      "resolved": "packages/common",
      "link": true
    },
    "packages/common": {
      "version": "1.0.0",
      "license": "ISC",
      "devDependencies": {}
    }
  }
}
